
Microsoft Visual Studio Solution File, Format Version 12.00
# Visual Studio Version 17
VisualStudioVersion = 17.0.32014.148
MinimumVisualStudioVersion = 10.0.40219.1
Project("{8BC9CEB8-8B4A-11D0-8D11-00A0C91BC942}") = "Mathematical Solver", "Mathematical Solver\Mathematical Solver.vcxproj", "{53D263C7-A499-4C5A-8320-9527F66DF98F}"
EndProject
Global
	GlobalSection(SolutionConfigurationPlatforms) = preSolution
		Debug|x64 = Debug|x64
		Debug|x86 = Debug|x86
		Release|x64 = Release|x64
		Release|x86 = Release|x86
	EndGlobalSection
	GlobalSection(ProjectConfigurationPlatforms) = postSolution
		{53D263C7-A499-4C5A-8320-9527F66DF98F}.Debug|x64.ActiveCfg = Debug|x64
		{53D263C7-A499-4C5A-8320-9527F66DF98F}.Debug|x64.Build.0 = Debug|x64
		{53D263C7-A499-4C5A-8320-9527F66DF98F}.Debug|x86.ActiveCfg = Debug|Win32
		{53D263C7-A499-4C5A-8320-9527F66DF98F}.Debug|x86.Build.0 = Debug|Win32
		{53D263C7-A499-4C5A-8320-9527F66DF98F}.Release|x64.ActiveCfg = Release|x64
		{53D263C7-A499-4C5A-8320-9527F66DF98F}.Release|x64.Build.0 = Release|x64
		{53D263C7-A499-4C5A-8320-9527F66DF98F}.Release|x86.ActiveCfg = Release|Win32
		{53D263C7-A499-4C5A-8320-9527F66DF98F}.Release|x86.Build.0 = Release|Win32
	EndGlobalSection
	GlobalSection(SolutionProperties) = preSolution
		HideSolutionNode = FALSE
	EndGlobalSection
	GlobalSection(ExtensibilityGlobals) = postSolution
		SolutionGuid = {D7F90892-1A01-48DF-87D0-D1EFC47885EA}
	EndGlobalSection
EndGlobal
